# This file is generated by running "yarn install" inside your project.
# Manual changes might be lost - proceed with caution!

__metadata:
  version: 8
  cacheKey: 10c0

"aula01@workspace:.":
  version: 0.0.0-use.local
  resolution: "aula01@workspace:."
  dependencies:
    autoprefixer: "npm:^10.5.0"
    postcss: "npm:^8.5.14"
    tailwindcss: "npm:^4.3.0"
  languageName: unknown
  linkType: soft

"autoprefixer@npm:^10.5.0":
  version: 10.5.0
  resolution: "autoprefixer@npm:10.5.0"
  dependencies:
    browserslist: "npm:^4.28.2"
    caniuse-lite: "npm:^1.0.30001787"
    fraction.js: "npm:^5.3.4"
    picocolors: "npm:^1.1.1"
    postcss-value-parser: "npm:^4.2.0"
  peerDependencies:
    postcss: ^8.1.0
  bin:
    autoprefixer: bin/autoprefixer
  checksum: 10c0/3e1a7bb65ef3a44925d19fd18cbb96a9a73ef1a8bfaa134bc131743787a8983045d6e756cff0204d37c34a52cfc86d79182f444c221b631401f79d7873ae97a8
  languageName: node
  linkType: hard

"baseline-browser-mapping@npm:^2.10.12":
  version: 2.10.30
  resolution: "baseline-browser-mapping@npm:2.10.30"
  bin:
    baseline-browser-mapping: dist/cli.cjs
  checksum: 10c0/70e6ac962d5b52be0b9460a57adc2cd4ccd2b0ee7cb4688e96f3c79122622fac7fb98743c4f41a4f12bc5c677a7c13bbe19e7e2f9b7230b9283c1f07b3401f3e
  languageName: node
  linkType: hard

"browserslist@npm:^4.28.2":
  version: 4.28.2
  resolution: "browserslist@npm:4.28.2"
  dependencies:
    baseline-browser-mapping: "npm:^2.10.12"
    caniuse-lite: "npm:^1.0.30001782"
    electron-to-chromium: "npm:^1.5.328"
    node-releases: "npm:^2.0.36"
    update-browserslist-db: "npm:^1.2.3"
  bin:
    browserslist: cli.js
  checksum: 10c0/c0228b6330f785b7fa59d2d360124ec6d9322f96ed9f3ee1f873e33ecc9503a6f0ffc3b71191a28c4ff6e930b753b30043da1c33844a9548f3018d491f09ce60
  languageName: node
  linkType: hard

"caniuse-lite@npm:^1.0.30001782, caniuse-lite@npm:^1.0.30001787":
  version: 1.0.30001793
  resolution: "caniuse-lite@npm:1.0.30001793"
  checksum: 10c0/bee8f8b55d1ccdb2076b7355c06fd01916952eadd76b828e4d5fb9ac62d17ec7db0e2b7c326b923478b93526ad1ff74f189cf40c06de0e4a5edbc677009b97fe
  languageName: node
  linkType: hard

"electron-to-chromium@npm:^1.5.328":
  version: 1.5.358
  resolution: "electron-to-chromium@npm:1.5.358"
  checksum: 10c0/86e3e5cb9541fe3a3d435e614b97024fda81c913a60ffa822b156995a8ffa1049f81cfa3e43888dae88d2e2c8254b1b51a8b9169858b3c4093ed3d34dc5de9bb
  languageName: node
  linkType: hard

"escalade@npm:^3.2.0":
  version: 3.2.0
  resolution: "escalade@npm:3.2.0"
  checksum: 10c0/ced4dd3a78e15897ed3be74e635110bbf3b08877b0a41be50dcb325ee0e0b5f65fc2d50e9845194d7c4633f327e2e1c6cce00a71b617c5673df0374201d67f65
  languageName: node
  linkType: hard

"fraction.js@npm:^5.3.4":
  version: 5.3.4
  resolution: "fraction.js@npm:5.3.4"
  checksum: 10c0/f90079fe9bfc665e0a07079938e8ff71115bce9462f17b32fc283f163b0540ec34dc33df8ed41bb56f028316b04361b9a9995b9ee9258617f8338e0b05c5f95a
  languageName: node
  linkType: hard

"nanoid@npm:^3.3.11":
  version: 3.3.12
  resolution: "nanoid@npm:3.3.12"
  bin:
    nanoid: bin/nanoid.cjs
  checksum: 10c0/ba142b7b39e11e80c16dd74b0365d407880c87c1cf7e1480956981ae940ee36060fa5b6f092cd1e315184dd19244c657bd017d03327bd3c62247d691c5e8edfb
  languageName: node
  linkType: hard

"node-releases@npm:^2.0.36":
  version: 2.0.44
  resolution: "node-releases@npm:2.0.44"
  checksum: 10c0/004337ee9c0c455e81fdfc85cc8a585e89932d28338cd35a4ddba21ef2b68ff20cf06097544e7859c1868579d8529ed230802b127be5357c153e267079e8d851
  languageName: node
  linkType: hard

"picocolors@npm:^1.1.1":
  version: 1.1.1
  resolution: "picocolors@npm:1.1.1"
  checksum: 10c0/e2e3e8170ab9d7c7421969adaa7e1b31434f789afb9b3f115f6b96d91945041ac3ceb02e9ec6fe6510ff036bcc0bf91e69a1772edc0b707e12b19c0f2d6bcf58
  languageName: node
  linkType: hard

"postcss-value-parser@npm:^4.2.0":
  version: 4.2.0
  resolution: "postcss-value-parser@npm:4.2.0"
  checksum: 10c0/f4142a4f56565f77c1831168e04e3effd9ffcc5aebaf0f538eee4b2d465adfd4b85a44257bb48418202a63806a7da7fe9f56c330aebb3cac898e46b4cbf49161
  languageName: node
  linkType: hard

"postcss@npm:^8.5.14":
  version: 8.5.14
  resolution: "postcss@npm:8.5.14"
  dependencies:
    nanoid: "npm:^3.3.11"
    picocolors: "npm:^1.1.1"
    source-map-js: "npm:^1.2.1"
  checksum: 10c0/48138207cf5ef5581be1bfe2cb65ccfe0ac75e43888ba045afc8ed6043d7b56aeb3b9a9fe5b353ff554be943cd0cc15d826ccb991525159175971e5ee8ab0237
  languageName: node
  linkType: hard

"source-map-js@npm:^1.2.1":
  version: 1.2.1
  resolution: "source-map-js@npm:1.2.1"
  checksum: 10c0/7bda1fc4c197e3c6ff17de1b8b2c20e60af81b63a52cb32ec5a5d67a20a7d42651e2cb34ebe93833c5a2a084377e17455854fee3e21e7925c64a51b6a52b0faf
  languageName: node
  linkType: hard

"tailwindcss@npm:^4.3.0":
  version: 4.3.0
  resolution: "tailwindcss@npm:4.3.0"
  checksum: 10c0/4cde389ee5e9132e7ef90e4c1d05978d52821761a00700c18b7d46d325881086f0a9c9ec7f616929ecd6e26109c41913538883e066c6dd4bd993debbbbc99084
  languageName: node
  linkType: hard

"update-browserslist-db@npm:^1.2.3":
  version: 1.2.3
  resolution: "update-browserslist-db@npm:1.2.3"
  dependencies:
    escalade: "npm:^3.2.0"
    picocolors: "npm:^1.1.1"
  peerDependencies:
    browserslist: ">= 4.21.0"
  bin:
    update-browserslist-db: cli.js
  checksum: 10c0/13a00355ea822388f68af57410ce3255941d5fb9b7c49342c4709a07c9f230bbef7f7499ae0ca7e0de532e79a82cc0c4edbd125f1a323a1845bf914efddf8bec
  languageName: node
  linkType: hard
